
Microsoft Visual Studio Solution File, Format Version 12.00
# Visual Studio Version 17
VisualStudioVersion = 17.4.33213.308
MinimumVisualStudioVersion = 10.0.40219.1
Project("{FAE04EC0-301F-11D3-BF4B-00C04F79EFBC}") = "AdvertisementApp.Entities", "AdvertisementApp.Entities\AdvertisementApp.Entities.csproj", "{983530C0-2EAD-4A93-8A04-8B6A92CC7E9E}"
EndProject
Project("{FAE04EC0-301F-11D3-BF4B-00C04F79EFBC}") = "AdvertisementApp.Data", "AdvertisementApp.Data\AdvertisementApp.Data.csproj", "{F46E50B7-ECFB-40DE-BB1A-BEE10559E3C7}"
EndProject
Project("{FAE04EC0-301F-11D3-BF4B-00C04F79EFBC}") = "AdvertisementApp.Services", "AdvertisementApp.Services\AdvertisementApp.Services.csproj", "{A0C75D5B-27D0-4528-B63A-C4DC05670EBD}"
EndProject
Project("{FAE04EC0-301F-11D3-BF4B-00C04F79EFBC}") = "AdvertisementApp.Core", "AdvertisementApp.Core\AdvertisementApp.Core.csproj", "{69F85884-EE84-47FD-9AD0-306C5903E1A2}"
EndProject
Project("{FAE04EC0-301F-11D3-BF4B-00C04F79EFBC}") = "AdvertisementApp.Presentation", "AdvertisementApp.Presentation\AdvertisementApp.Presentation.csproj", "{E321BB15-EC89-4473-B8BF-57AA5A1BF77C}"
EndProject
Global
	GlobalSection(SolutionConfigurationPlatforms) = preSolution
		Debug|Any CPU = Debug|Any CPU
		Release|Any CPU = Release|Any CPU
	EndGlobalSection
	GlobalSection(ProjectConfigurationPlatforms) = postSolution
		{983530C0-2EAD-4A93-8A04-8B6A92CC7E9E}.Debug|Any CPU.ActiveCfg = Debug|Any CPU
		{983530C0-2EAD-4A93-8A04-8B6A92CC7E9E}.Debug|Any CPU.Build.0 = Debug|Any CPU
		{983530C0-2EAD-4A93-8A04-8B6A92CC7E9E}.Release|Any CPU.ActiveCfg = Release|Any CPU
		{983530C0-2EAD-4A93-8A04-8B6A92CC7E9E}.Release|Any CPU.Build.0 = Release|Any CPU
		{F46E50B7-ECFB-40DE-BB1A-BEE10559E3C7}.Debug|Any CPU.ActiveCfg = Debug|Any CPU
		{F46E50B7-ECFB-40DE-BB1A-BEE10559E3C7}.Debug|Any CPU.Build.0 = Debug|Any CPU
		{F46E50B7-ECFB-40DE-BB1A-BEE10559E3C7}.Release|Any CPU.ActiveCfg = Release|Any CPU
		{F46E50B7-ECFB-40DE-BB1A-BEE10559E3C7}.Release|Any CPU.Build.0 = Release|Any CPU
		{A0C75D5B-27D0-4528-B63A-C4DC05670EBD}.Debug|Any CPU.ActiveCfg = Debug|Any CPU
		{A0C75D5B-27D0-4528-B63A-C4DC05670EBD}.Debug|Any CPU.Build.0 = Debug|Any CPU
		{A0C75D5B-27D0-4528-B63A-C4DC05670EBD}.Release|Any CPU.ActiveCfg = Release|Any CPU
		{A0C75D5B-27D0-4528-B63A-C4DC05670EBD}.Release|Any CPU.Build.0 = Release|Any CPU
		{69F85884-EE84-47FD-9AD0-306C5903E1A2}.Debug|Any CPU.ActiveCfg = Debug|Any CPU
		{69F85884-EE84-47FD-9AD0-306C5903E1A2}.Debug|Any CPU.Build.0 = Debug|Any CPU
		{69F85884-EE84-47FD-9AD0-306C5903E1A2}.Release|Any CPU.ActiveCfg = Release|Any CPU
		{69F85884-EE84-47FD-9AD0-306C5903E1A2}.Release|Any CPU.Build.0 = Release|Any CPU
		{E321BB15-EC89-4473-B8BF-57AA5A1BF77C}.Debug|Any CPU.ActiveCfg = Debug|Any CPU
		{E321BB15-EC89-4473-B8BF-57AA5A1BF77C}.Debug|Any CPU.Build.0 = Debug|Any CPU
		{E321BB15-EC89-4473-B8BF-57AA5A1BF77C}.Release|Any CPU.ActiveCfg = Release|Any CPU
		{E321BB15-EC89-4473-B8BF-57AA5A1BF77C}.Release|Any CPU.Build.0 = Release|Any CPU
	EndGlobalSection
	GlobalSection(SolutionProperties) = preSolution
		HideSolutionNode = FALSE
	EndGlobalSection
	GlobalSection(ExtensibilityGlobals) = postSolution
		SolutionGuid = {177CF9F2-0229-4E83-AC24-FF74D46C5243}
	EndGlobalSection
EndGlobal
